
Microsoft Visual Studio Solution File, Format Version 12.00
# Visual Studio Version 16
VisualStudioVersion = 16.0.31702.278
MinimumVisualStudioVersion = 10.0.40219.1
Project("{FAE04EC0-301F-11D3-BF4B-00C04F79EFBC}") = "Magazin", "Magazin\Magazin.csproj", "{39F728B0-DD6D-4335-8DBB-E754628A3B41}"
EndProject
Project("{FAE04EC0-301F-11D3-BF4B-00C04F79EFBC}") = "Extensie", "Extensie\Extensie.csproj", "{4E0E34A7-9D2C-4F5F-919C-C5F38855C75B}"
EndProject
Global
	GlobalSection(SolutionConfigurationPlatforms) = preSolution
		Debug|Any CPU = Debug|Any CPU
		Release|Any CPU = Release|Any CPU
	EndGlobalSection
	GlobalSection(ProjectConfigurationPlatforms) = postSolution
		{39F728B0-DD6D-4335-8DBB-E754628A3B41}.Debug|Any CPU.ActiveCfg = Debug|Any CPU
		{39F728B0-DD6D-4335-8DBB-E754628A3B41}.Debug|Any CPU.Build.0 = Debug|Any CPU
		{39F728B0-DD6D-4335-8DBB-E754628A3B41}.Release|Any CPU.ActiveCfg = Release|Any CPU
		{39F728B0-DD6D-4335-8DBB-E754628A3B41}.Release|Any CPU.Build.0 = Release|Any CPU
		{4E0E34A7-9D2C-4F5F-919C-C5F38855C75B}.Debug|Any CPU.ActiveCfg = Debug|Any CPU
		{4E0E34A7-9D2C-4F5F-919C-C5F38855C75B}.Debug|Any CPU.Build.0 = Debug|Any CPU
		{4E0E34A7-9D2C-4F5F-919C-C5F38855C75B}.Release|Any CPU.ActiveCfg = Release|Any CPU
		{4E0E34A7-9D2C-4F5F-919C-C5F38855C75B}.Release|Any CPU.Build.0 = Release|Any CPU
	EndGlobalSection
	GlobalSection(SolutionProperties) = preSolution
		HideSolutionNode = FALSE
	EndGlobalSection
	GlobalSection(ExtensibilityGlobals) = postSolution
		SolutionGuid = {70DD6A0E-0249-4CC6-BA69-F4986F55D566}
	EndGlobalSection
EndGlobal
